
Microsoft Visual Studio Solution File, Format Version 12.00
# Visual Studio Version 16
VisualStudioVersion = 16.0.31205.134
MinimumVisualStudioVersion = 10.0.40219.1
Project("{FAE04EC0-301F-11D3-BF4B-00C04F79EFBC}") = "ParserNewIC", "ParserNewIC\ParserNewIC.csproj", "{5794D4BF-8855-4538-A6D7-91B9DF60CA0F}"
EndProject
Global
	GlobalSection(SolutionConfigurationPlatforms) = preSolution
		Debug|Any CPU = Debug|Any CPU
		Release|Any CPU = Release|Any CPU
	EndGlobalSection
	GlobalSection(ProjectConfigurationPlatforms) = postSolution
		{5794D4BF-8855-4538-A6D7-91B9DF60CA0F}.Debug|Any CPU.ActiveCfg = Debug|Any CPU
		{5794D4BF-8855-4538-A6D7-91B9DF60CA0F}.Debug|Any CPU.Build.0 = Debug|Any CPU
		{5794D4BF-8855-4538-A6D7-91B9DF60CA0F}.Release|Any CPU.ActiveCfg = Release|Any CPU
		{5794D4BF-8855-4538-A6D7-91B9DF60CA0F}.Release|Any CPU.Build.0 = Release|Any CPU
	EndGlobalSection
	GlobalSection(SolutionProperties) = preSolution
		HideSolutionNode = FALSE
	EndGlobalSection
	GlobalSection(ExtensibilityGlobals) = postSolution
		SolutionGuid = {C5ECA05A-C393-40A6-B6D4-83158550C5B8}
	EndGlobalSection
EndGlobal
